
Microsoft Visual Studio Solution File, Format Version 12.00
# Visual Studio Version 16
VisualStudioVersion = 16.0.31229.75
MinimumVisualStudioVersion = 10.0.40219.1
Project("{9A19103F-16F7-4668-BE54-9A1E7A4F7556}") = "HookTest", "HookTest\HookTest.csproj", "{DBD33CE0-3585-44F8-8D21-4CDB0CD290B5}"
EndProject
Project("{8BC9CEB8-8B4A-11D0-8D11-00A0C91BC942}") = "HookTestLink", "HookTestLink\HookTestLink.vcxproj", "{63633F63-E4DF-44D3-90BE-E10492FA4CBD}"
	ProjectSection(ProjectDependencies) = postProject
		{DBD33CE0-3585-44F8-8D21-4CDB0CD290B5} = {DBD33CE0-3585-44F8-8D21-4CDB0CD290B5}
	EndProjectSection
EndProject
Global
	GlobalSection(SolutionConfigurationPlatforms) = preSolution
		Debug|Any CPU = Debug|Any CPU
		Debug|x64 = Debug|x64
		Debug|x86 = Debug|x86
		Release|Any CPU = Release|Any CPU
		Release|x64 = Release|x64
		Release|x86 = Release|x86
	EndGlobalSection
	GlobalSection(ProjectConfigurationPlatforms) = postSolution
		{DBD33CE0-3585-44F8-8D21-4CDB0CD290B5}.Debug|Any CPU.ActiveCfg = Debug|Any CPU
		{DBD33CE0-3585-44F8-8D21-4CDB0CD290B5}.Debug|Any CPU.Build.0 = Debug|Any CPU
		{DBD33CE0-3585-44F8-8D21-4CDB0CD290B5}.Debug|x64.ActiveCfg = Debug|x64
		{DBD33CE0-3585-44F8-8D21-4CDB0CD290B5}.Debug|x64.Build.0 = Debug|x64
		{DBD33CE0-3585-44F8-8D21-4CDB0CD290B5}.Debug|x86.ActiveCfg = Debug|Any CPU
		{DBD33CE0-3585-44F8-8D21-4CDB0CD290B5}.Debug|x86.Build.0 = Debug|Any CPU
		{DBD33CE0-3585-44F8-8D21-4CDB0CD290B5}.Release|Any CPU.ActiveCfg = Release|Any CPU
		{DBD33CE0-3585-44F8-8D21-4CDB0CD290B5}.Release|Any CPU.Build.0 = Release|Any CPU
		{DBD33CE0-3585-44F8-8D21-4CDB0CD290B5}.Release|x64.ActiveCfg = Release|x64
		{DBD33CE0-3585-44F8-8D21-4CDB0CD290B5}.Release|x64.Build.0 = Release|x64
		{DBD33CE0-3585-44F8-8D21-4CDB0CD290B5}.Release|x86.ActiveCfg = Release|Any CPU
		{DBD33CE0-3585-44F8-8D21-4CDB0CD290B5}.Release|x86.Build.0 = Release|Any CPU
		{63633F63-E4DF-44D3-90BE-E10492FA4CBD}.Debug|Any CPU.ActiveCfg = Debug|Win32
		{63633F63-E4DF-44D3-90BE-E10492FA4CBD}.Debug|x64.ActiveCfg = Debug|x64
		{63633F63-E4DF-44D3-90BE-E10492FA4CBD}.Debug|x64.Build.0 = Debug|x64
		{63633F63-E4DF-44D3-90BE-E10492FA4CBD}.Debug|x86.ActiveCfg = Debug|Win32
		{63633F63-E4DF-44D3-90BE-E10492FA4CBD}.Debug|x86.Build.0 = Debug|Win32
		{63633F63-E4DF-44D3-90BE-E10492FA4CBD}.Release|Any CPU.ActiveCfg = Release|Win32
		{63633F63-E4DF-44D3-90BE-E10492FA4CBD}.Release|x64.ActiveCfg = Release|x64
		{63633F63-E4DF-44D3-90BE-E10492FA4CBD}.Release|x64.Build.0 = Release|x64
		{63633F63-E4DF-44D3-90BE-E10492FA4CBD}.Release|x86.ActiveCfg = Release|Win32
		{63633F63-E4DF-44D3-90BE-E10492FA4CBD}.Release|x86.Build.0 = Release|Win32
	EndGlobalSection
	GlobalSection(SolutionProperties) = preSolution
		HideSolutionNode = FALSE
	EndGlobalSection
	GlobalSection(ExtensibilityGlobals) = postSolution
		SolutionGuid = {A506CA4C-51D0-4267-A094-15589591167C}
	EndGlobalSection
EndGlobal
